
Microsoft Visual Studio Solution File, Format Version 12.00
# Visual Studio Version 17
VisualStudioVersion = 17.5.002.0
MinimumVisualStudioVersion = 10.0.40219.1
Project("{9A19103F-16F7-4668-BE54-9A1E7A4F7556}") = "ContosoPizza", "ContosoPizza.csproj", "{23952F24-E779-4AC4-9027-1A207DB00883}"
EndProject
Global
	GlobalSection(SolutionConfigurationPlatforms) = preSolution
		Debug|Any CPU = Debug|Any CPU
		Release|Any CPU = Release|Any CPU
	EndGlobalSection
	GlobalSection(ProjectConfigurationPlatforms) = postSolution
		{23952F24-E779-4AC4-9027-1A207DB00883}.Debug|Any CPU.ActiveCfg = Debug|Any CPU
		{23952F24-E779-4AC4-9027-1A207DB00883}.Debug|Any CPU.Build.0 = Debug|Any CPU
		{23952F24-E779-4AC4-9027-1A207DB00883}.Release|Any CPU.ActiveCfg = Release|Any CPU
		{23952F24-E779-4AC4-9027-1A207DB00883}.Release|Any CPU.Build.0 = Release|Any CPU
	EndGlobalSection
	GlobalSection(SolutionProperties) = preSolution
		HideSolutionNode = FALSE
	EndGlobalSection
	GlobalSection(ExtensibilityGlobals) = postSolution
		SolutionGuid = {C44A1929-545E-4F4E-AF25-10F13808612A}
	EndGlobalSection
EndGlobal
